
Microsoft Visual Studio Solution File, Format Version 10.00
# Visual Studio 2008
Project("{8BC9CEB8-8B4A-11D0-8D11-00A0C91BC942}") = "TetrisZao", "TetrisZao\TetrisZao.vcproj", "{9B8CCC03-D760-400B-B969-E46F49AFB511}"
EndProject
Global
	GlobalSection(SolutionConfigurationPlatforms) = preSolution
		Debug|Win32 = Debug|Win32
		Release|Win32 = Release|Win32
	EndGlobalSection
	GlobalSection(ProjectConfigurationPlatforms) = postSolution
		{9B8CCC03-D760-400B-B969-E46F49AFB511}.Debug|Win32.ActiveCfg = Debug|Win32
		{9B8CCC03-D760-400B-B969-E46F49AFB511}.Debug|Win32.Build.0 = Debug|Win32
		{9B8CCC03-D760-400B-B969-E46F49AFB511}.Release|Win32.ActiveCfg = Release|Win32
		{9B8CCC03-D760-400B-B969-E46F49AFB511}.Release|Win32.Build.0 = Release|Win32
	EndGlobalSection
	GlobalSection(SolutionProperties) = preSolution
		HideSolutionNode = FALSE
	EndGlobalSection
	GlobalSection(ExtensibilityGlobals) = postSolution
		AMDCaProjectFile = D:\Projects\TetrisZao\CodeAnalyst\TetrisZao.caw
	EndGlobalSection
EndGlobal
